
Microsoft Visual Studio Solution File, Format Version 12.00
# Visual Studio 2017
Project("{FAE04EC0-301F-11D3-BF4B-00C04F79EFBC}") = "UIDemo", "UIDemo.csproj", "{5AF9D0D6-535D-8F05-5B02-C9D56B6D08A3}"
EndProject
Project("{FAE04EC0-301F-11D3-BF4B-00C04F79EFBC}") = "UIDemo.Editor", "UIDemo.Editor.csproj", "{2B317DF1-8E50-5D28-47CF-B3E1198F9A00}"
EndProject
Global
	GlobalSection(SolutionConfigurationPlatforms) = preSolution
		Debug|Any CPU = Debug|Any CPU
		Release|Any CPU = Release|Any CPU
	EndGlobalSection
	GlobalSection(ProjectConfigurationPlatforms) = postSolution
		{5AF9D0D6-535D-8F05-5B02-C9D56B6D08A3}.Debug|Any CPU.ActiveCfg = Debug|Any CPU
		{5AF9D0D6-535D-8F05-5B02-C9D56B6D08A3}.Debug|Any CPU.Build.0 = Debug|Any CPU
		{5AF9D0D6-535D-8F05-5B02-C9D56B6D08A3}.Release|Any CPU.ActiveCfg = Release|Any CPU
		{5AF9D0D6-535D-8F05-5B02-C9D56B6D08A3}.Release|Any CPU.Build.0 = Release|Any CPU
		{2B317DF1-8E50-5D28-47CF-B3E1198F9A00}.Debug|Any CPU.ActiveCfg = Debug|Any CPU
		{2B317DF1-8E50-5D28-47CF-B3E1198F9A00}.Debug|Any CPU.Build.0 = Debug|Any CPU
		{2B317DF1-8E50-5D28-47CF-B3E1198F9A00}.Release|Any CPU.ActiveCfg = Release|Any CPU
		{2B317DF1-8E50-5D28-47CF-B3E1198F9A00}.Release|Any CPU.Build.0 = Release|Any CPU
	EndGlobalSection
	GlobalSection(SolutionProperties) = preSolution
		HideSolutionNode = FALSE
	EndGlobalSection
EndGlobal
