
Microsoft Visual Studio Solution File, Format Version 12.00
# Visual Studio 2017
Project("{FAE04EC0-301F-11D3-BF4B-00C04F79EFBC}") = "UnityUIDemoProject", "UnityUIDemoProject.csproj", "{D1A5EBB2-198A-74E1-7444-45CCA3E1563B}"
EndProject
Project("{FAE04EC0-301F-11D3-BF4B-00C04F79EFBC}") = "UnityUIDemoProject.Editor", "UnityUIDemoProject.Editor.csproj", "{55FD4DE6-FD86-F791-82A0-891893740D5A}"
EndProject
Global
	GlobalSection(SolutionConfigurationPlatforms) = preSolution
		Debug|Any CPU = Debug|Any CPU
		Release|Any CPU = Release|Any CPU
	EndGlobalSection
	GlobalSection(ProjectConfigurationPlatforms) = postSolution
		{D1A5EBB2-198A-74E1-7444-45CCA3E1563B}.Debug|Any CPU.ActiveCfg = Debug|Any CPU
		{D1A5EBB2-198A-74E1-7444-45CCA3E1563B}.Debug|Any CPU.Build.0 = Debug|Any CPU
		{D1A5EBB2-198A-74E1-7444-45CCA3E1563B}.Release|Any CPU.ActiveCfg = Release|Any CPU
		{D1A5EBB2-198A-74E1-7444-45CCA3E1563B}.Release|Any CPU.Build.0 = Release|Any CPU
		{55FD4DE6-FD86-F791-82A0-891893740D5A}.Debug|Any CPU.ActiveCfg = Debug|Any CPU
		{55FD4DE6-FD86-F791-82A0-891893740D5A}.Debug|Any CPU.Build.0 = Debug|Any CPU
		{55FD4DE6-FD86-F791-82A0-891893740D5A}.Release|Any CPU.ActiveCfg = Release|Any CPU
		{55FD4DE6-FD86-F791-82A0-891893740D5A}.Release|Any CPU.Build.0 = Release|Any CPU
	EndGlobalSection
	GlobalSection(SolutionProperties) = preSolution
		HideSolutionNode = FALSE
	EndGlobalSection
EndGlobal
